
Microsoft Visual Studio Solution File, Format Version 12.00
# Visual Studio Version 17
VisualStudioVersion = 17.12.35514.174
MinimumVisualStudioVersion = 10.0.40219.1
Project("{FAE04EC0-301F-11D3-BF4B-00C04F79EFBC}") = "MangoManWinform", "MangoManWinform.csproj", "{FEF6BD9A-9B56-4A7B-8D83-8015293B3F9A}"
EndProject
Project("{FAE04EC0-301F-11D3-BF4B-00C04F79EFBC}") = "MangoMaan.DAL", "..\MangoMaan.DAL\MangoMaan.DAL.csproj", "{64E2DE3F-3301-421F-98C8-5FAD88F6F037}"
EndProject
Global
	GlobalSection(SolutionConfigurationPlatforms) = preSolution
		Debug|Any CPU = Debug|Any CPU
		Release|Any CPU = Release|Any CPU
	EndGlobalSection
	GlobalSection(ProjectConfigurationPlatforms) = postSolution
		{FEF6BD9A-9B56-4A7B-8D83-8015293B3F9A}.Debug|Any CPU.ActiveCfg = Debug|Any CPU
		{FEF6BD9A-9B56-4A7B-8D83-8015293B3F9A}.Debug|Any CPU.Build.0 = Debug|Any CPU
		{FEF6BD9A-9B56-4A7B-8D83-8015293B3F9A}.Release|Any CPU.ActiveCfg = Release|Any CPU
		{FEF6BD9A-9B56-4A7B-8D83-8015293B3F9A}.Release|Any CPU.Build.0 = Release|Any CPU
		{64E2DE3F-3301-421F-98C8-5FAD88F6F037}.Debug|Any CPU.ActiveCfg = Debug|Any CPU
		{64E2DE3F-3301-421F-98C8-5FAD88F6F037}.Debug|Any CPU.Build.0 = Debug|Any CPU
		{64E2DE3F-3301-421F-98C8-5FAD88F6F037}.Release|Any CPU.ActiveCfg = Release|Any CPU
		{64E2DE3F-3301-421F-98C8-5FAD88F6F037}.Release|Any CPU.Build.0 = Release|Any CPU
	EndGlobalSection
	GlobalSection(SolutionProperties) = preSolution
		HideSolutionNode = FALSE
	EndGlobalSection
EndGlobal
